
Microsoft Visual Studio Solution File, Format Version 12.00
Project("{FAE04EC0-301F-11D3-BF4B-00C04F79EFBC}") = "TrainingEvents", "TrainingEvents\TrainingEvents.csproj", "{D28EDB30-4BB1-4224-B628-D4D9C6E2275E}"
EndProject
Global
	GlobalSection(SolutionConfigurationPlatforms) = preSolution
		Debug|Any CPU = Debug|Any CPU
		Release|Any CPU = Release|Any CPU
	EndGlobalSection
	GlobalSection(ProjectConfigurationPlatforms) = postSolution
		{D28EDB30-4BB1-4224-B628-D4D9C6E2275E}.Debug|Any CPU.ActiveCfg = Debug|Any CPU
		{D28EDB30-4BB1-4224-B628-D4D9C6E2275E}.Debug|Any CPU.Build.0 = Debug|Any CPU
		{D28EDB30-4BB1-4224-B628-D4D9C6E2275E}.Release|Any CPU.ActiveCfg = Release|Any CPU
		{D28EDB30-4BB1-4224-B628-D4D9C6E2275E}.Release|Any CPU.Build.0 = Release|Any CPU
	EndGlobalSection
EndGlobal
